{
  "name": "nongJames-api",
  "version": "1.0.0",
  "lockfileVersion": 3,
  "requires": true,
  "packages": {
    "": {
      "name": "nongJames-api",
      "version": "1.0.0",
      "dependencies": {
        "@elysiajs/bearer": "latest",
        "@elysiajs/cors": "^1.4.1",
        "@elysiajs/jwt": "latest",
        "@elysiajs/swagger": "^1.3.1",
        "dotenv": "latest",
        "drizzle-orm": "latest",
        "elysia": "latest",
        "postgres": "latest"
      },
      "devDependencies": {
        "@types/bun": "latest"
      }
    },
    "node_modules/@borewit/text-codec": {
      "version": "0.2.2",
      "resolved": "https://registry.npmjs.org/@borewit/text-codec/-/text-codec-0.2.2.tgz",
      "integrity": "sha512-DDaRehssg1aNrH4+2hnj1B7vnUGEjU6OIlyRdkMd0aUdIUvKXrJfXsy8LVtXAy7DRvYVluWbMspsRhz2lcW0mQ==",
      "license": "MIT",
      "funding": {
        "type": "github",
        "url": "https://github.com/sponsors/Borewit"
      }
    },
    "node_modules/@elysiajs/bearer": {
      "version": "1.4.3",
      "resolved": "https://registry.npmjs.org/@elysiajs/bearer/-/bearer-1.4.3.tgz",
      "integrity": "sha512-UWJ94jGGOzSlD3CCspC11/vFGKwy6RI9QvaZVPzlSu1Wxp/pKmOhKA+R2ppfbluMHXfxcc2xgK3x4+uuCML7GA==",
      "license": "MIT",
      "peerDependencies": {
        "elysia": ">= 1.4.3"
      }
    },
    "node_modules/@elysiajs/cors": {
      "version": "1.4.1",
      "resolved": "https://registry.npmjs.org/@elysiajs/cors/-/cors-1.4.1.tgz",
      "integrity": "sha512-lQfad+F3r4mNwsxRKbXyJB8Jg43oAOXjRwn7sKUL6bcOW3KjUqUimTS+woNpO97efpzjtDE0tEjGk9DTw8lqTQ==",
      "license": "MIT",
      "peerDependencies": {
        "elysia": ">= 1.4.0"
      }
    },
    "node_modules/@elysiajs/jwt": {
      "version": "1.4.1",
      "resolved": "https://registry.npmjs.org/@elysiajs/jwt/-/jwt-1.4.1.tgz",
      "integrity": "sha512-Qx28XE7hUf2XK/+HZB+hOBGSq6dPs4u1lk80wNge9jijAfzCwftxjOiAWO57RKYSEMdJTOG1ItEL5fbXjJyWsA==",
      "license": "MIT",
      "dependencies": {
        "jose": "^6.0.11"
      },
      "peerDependencies": {
        "elysia": ">= 1.4.27"
      }
    },
    "node_modules/@elysiajs/swagger": {
      "version": "1.3.1",
      "resolved": "https://registry.npmjs.org/@elysiajs/swagger/-/swagger-1.3.1.tgz",
      "integrity": "sha512-LcbLHa0zE6FJKWPWKsIC/f+62wbDv3aXydqcNPVPyqNcaUgwvCajIi+5kHEU6GO3oXUCpzKaMsb3gsjt8sLzFQ==",
      "license": "MIT",
      "dependencies": {
        "@scalar/themes": "^0.9.52",
        "@scalar/types": "^0.0.12",
        "openapi-types": "^12.1.3",
        "pathe": "^1.1.2"
      },
      "peerDependencies": {
        "elysia": ">= 1.3.0"
      }
    },
    "node_modules/@scalar/openapi-types": {
      "version": "0.1.1",
      "resolved": "https://registry.npmjs.org/@scalar/openapi-types/-/openapi-types-0.1.1.tgz",
      "integrity": "sha512-NMy3QNk6ytcCoPUGJH0t4NNr36OWXgZhA3ormr3TvhX1NDgoF95wFyodGVH8xiHeUyn2/FxtETm8UBLbB5xEmg==",
      "license": "MIT",
      "engines": {
        "node": ">=18"
      }
    },
    "node_modules/@scalar/themes": {
      "version": "0.9.86",
      "resolved": "https://registry.npmjs.org/@scalar/themes/-/themes-0.9.86.tgz",
      "integrity": "sha512-QUHo9g5oSWi+0Lm1vJY9TaMZRau8LHg+vte7q5BVTBnu6NuQfigCaN+ouQ73FqIVd96TwMO6Db+dilK1B+9row==",
      "license": "MIT",
      "dependencies": {
        "@scalar/types": "0.1.7"
      },
      "engines": {
        "node": ">=18"
      }
    },
    "node_modules/@scalar/themes/node_modules/@scalar/openapi-types": {
      "version": "0.2.0",
      "resolved": "https://registry.npmjs.org/@scalar/openapi-types/-/openapi-types-0.2.0.tgz",
      "integrity": "sha512-waiKk12cRCqyUCWTOX0K1WEVX46+hVUK+zRPzAahDJ7G0TApvbNkuy5wx7aoUyEk++HHde0XuQnshXnt8jsddA==",
      "license": "MIT",
      "dependencies": {
        "zod": "^3.23.8"
      },
      "engines": {
        "node": ">=18"
      }
    },
    "node_modules/@scalar/themes/node_modules/@scalar/types": {
      "version": "0.1.7",
      "resolved": "https://registry.npmjs.org/@scalar/types/-/types-0.1.7.tgz",
      "integrity": "sha512-irIDYzTQG2KLvFbuTI8k2Pz/R4JR+zUUSykVTbEMatkzMmVFnn1VzNSMlODbadycwZunbnL2tA27AXed9URVjw==",
      "license": "MIT",
      "dependencies": {
        "@scalar/openapi-types": "0.2.0",
        "@unhead/schema": "^1.11.11",
        "nanoid": "^5.1.5",
        "type-fest": "^4.20.0",
        "zod": "^3.23.8"
      },
      "engines": {
        "node": ">=18"
      }
    },
    "node_modules/@scalar/types": {
      "version": "0.0.12",
      "resolved": "https://registry.npmjs.org/@scalar/types/-/types-0.0.12.tgz",
      "integrity": "sha512-XYZ36lSEx87i4gDqopQlGCOkdIITHHEvgkuJFrXFATQs9zHARop0PN0g4RZYWj+ZpCUclOcaOjbCt8JGe22mnQ==",
      "license": "MIT",
      "dependencies": {
        "@scalar/openapi-types": "0.1.1",
        "@unhead/schema": "^1.9.5"
      },
      "engines": {
        "node": ">=18"
      }
    },
    "node_modules/@sinclair/typebox": {
      "version": "0.34.48",
      "resolved": "https://registry.npmjs.org/@sinclair/typebox/-/typebox-0.34.48.tgz",
      "integrity": "sha512-kKJTNuK3AQOrgjjotVxMrCn1sUJwM76wMszfq1kdU4uYVJjvEWuFQ6HgvLt4Xz3fSmZlTOxJ/Ie13KnIcWQXFA==",
      "license": "MIT",
      "peer": true
    },
    "node_modules/@tokenizer/inflate": {
      "version": "0.4.1",
      "resolved": "https://registry.npmjs.org/@tokenizer/inflate/-/inflate-0.4.1.tgz",
      "integrity": "sha512-2mAv+8pkG6GIZiF1kNg1jAjh27IDxEPKwdGul3snfztFerfPGI1LjDezZp3i7BElXompqEtPmoPx6c2wgtWsOA==",
      "license": "MIT",
      "dependencies": {
        "debug": "^4.4.3",
        "token-types": "^6.1.1"
      },
      "engines": {
        "node": ">=18"
      },
      "funding": {
        "type": "github",
        "url": "https://github.com/sponsors/Borewit"
      }
    },
    "node_modules/@tokenizer/token": {
      "version": "0.3.0",
      "resolved": "https://registry.npmjs.org/@tokenizer/token/-/token-0.3.0.tgz",
      "integrity": "sha512-OvjF+z51L3ov0OyAU0duzsYuvO01PH7x4t6DJx+guahgTnBHkhJdG7soQeTSFLWN3efnHyibZ4Z8l2EuWwJN3A==",
      "license": "MIT"
    },
    "node_modules/@types/bun": {
      "version": "1.3.11",
      "resolved": "https://registry.npmjs.org/@types/bun/-/bun-1.3.11.tgz",
      "integrity": "sha512-5vPne5QvtpjGpsGYXiFyycfpDF2ECyPcTSsFBMa0fraoxiQyMJ3SmuQIGhzPg2WJuWxVBoxWJ2kClYTcw/4fAg==",
      "devOptional": true,
      "license": "MIT",
      "peer": true,
      "dependencies": {
        "bun-types": "1.3.11"
      }
    },
    "node_modules/@types/node": {
      "version": "25.5.0",
      "resolved": "https://registry.npmjs.org/@types/node/-/node-25.5.0.tgz",
      "integrity": "sha512-jp2P3tQMSxWugkCUKLRPVUpGaL5MVFwF8RDuSRztfwgN1wmqJeMSbKlnEtQqU8UrhTmzEmZdu2I6v2dpp7XIxw==",
      "devOptional": true,
      "license": "MIT",
      "dependencies": {
        "undici-types": "~7.18.0"
      }
    },
    "node_modules/@unhead/schema": {
      "version": "1.11.20",
      "resolved": "https://registry.npmjs.org/@unhead/schema/-/schema-1.11.20.tgz",
      "integrity": "sha512-0zWykKAaJdm+/Y7yi/Yds20PrUK7XabLe9c3IRcjnwYmSWY6z0Cr19VIs3ozCj8P+GhR+/TI2mwtGlueCEYouA==",
      "license": "MIT",
      "dependencies": {
        "hookable": "^5.5.3",
        "zhead": "^2.2.4"
      },
      "funding": {
        "url": "https://github.com/sponsors/harlan-zw"
      }
    },
    "node_modules/bun-types": {
      "version": "1.3.11",
      "resolved": "https://registry.npmjs.org/bun-types/-/bun-types-1.3.11.tgz",
      "integrity": "sha512-1KGPpoxQWl9f6wcZh57LvrPIInQMn2TQ7jsgxqpRzg+l0QPOFvJVH7HmvHo/AiPgwXy+/Thf6Ov3EdVn1vOabg==",
      "devOptional": true,
      "license": "MIT",
      "peer": true,
      "dependencies": {
        "@types/node": "*"
      }
    },
    "node_modules/cookie": {
      "version": "1.1.1",
      "resolved": "https://registry.npmjs.org/cookie/-/cookie-1.1.1.tgz",
      "integrity": "sha512-ei8Aos7ja0weRpFzJnEA9UHJ/7XQmqglbRwnf2ATjcB9Wq874VKH9kfjjirM6UhU2/E5fFYadylyhFldcqSidQ==",
      "license": "MIT",
      "engines": {
        "node": ">=18"
      },
      "funding": {
        "type": "opencollective",
        "url": "https://opencollective.com/express"
      }
    },
    "node_modules/debug": {
      "version": "4.4.3",
      "resolved": "https://registry.npmjs.org/debug/-/debug-4.4.3.tgz",
      "integrity": "sha512-RGwwWnwQvkVfavKVt22FGLw+xYSdzARwm0ru6DhTVA3umU5hZc28V3kO4stgYryrTlLpuvgI9GiijltAjNbcqA==",
      "license": "MIT",
      "dependencies": {
        "ms": "^2.1.3"
      },
      "engines": {
        "node": ">=6.0"
      },
      "peerDependenciesMeta": {
        "supports-color": {
          "optional": true
        }
      }
    },
    "node_modules/dotenv": {
      "version": "17.3.1",
      "resolved": "https://registry.npmjs.org/dotenv/-/dotenv-17.3.1.tgz",
      "integrity": "sha512-IO8C/dzEb6O3F9/twg6ZLXz164a2fhTnEWb95H23Dm4OuN+92NmEAlTrupP9VW6Jm3sO26tQlqyvyi4CsnY9GA==",
      "license": "BSD-2-Clause",
      "engines": {
        "node": ">=12"
      },
      "funding": {
        "url": "https://dotenvx.com"
      }
    },
    "node_modules/drizzle-orm": {
      "version": "0.45.1",
      "resolved": "https://registry.npmjs.org/drizzle-orm/-/drizzle-orm-0.45.1.tgz",
      "integrity": "sha512-Te0FOdKIistGNPMq2jscdqngBRfBpC8uMFVwqjf6gtTVJHIQ/dosgV/CLBU2N4ZJBsXL5savCba9b0YJskKdcA==",
      "license": "Apache-2.0",
      "peerDependencies": {
        "@aws-sdk/client-rds-data": ">=3",
        "@cloudflare/workers-types": ">=4",
        "@electric-sql/pglite": ">=0.2.0",
        "@libsql/client": ">=0.10.0",
        "@libsql/client-wasm": ">=0.10.0",
        "@neondatabase/serverless": ">=0.10.0",
        "@op-engineering/op-sqlite": ">=2",
        "@opentelemetry/api": "^1.4.1",
        "@planetscale/database": ">=1.13",
        "@prisma/client": "*",
        "@tidbcloud/serverless": "*",
        "@types/better-sqlite3": "*",
        "@types/pg": "*",
        "@types/sql.js": "*",
        "@upstash/redis": ">=1.34.7",
        "@vercel/postgres": ">=0.8.0",
        "@xata.io/client": "*",
        "better-sqlite3": ">=7",
        "bun-types": "*",
        "expo-sqlite": ">=14.0.0",
        "gel": ">=2",
        "knex": "*",
        "kysely": "*",
        "mysql2": ">=2",
        "pg": ">=8",
        "postgres": ">=3",
        "sql.js": ">=1",
        "sqlite3": ">=5"
      },
      "peerDependenciesMeta": {
        "@aws-sdk/client-rds-data": {
          "optional": true
        },
        "@cloudflare/workers-types": {
          "optional": true
        },
        "@electric-sql/pglite": {
          "optional": true
        },
        "@libsql/client": {
          "optional": true
        },
        "@libsql/client-wasm": {
          "optional": true
        },
        "@neondatabase/serverless": {
          "optional": true
        },
        "@op-engineering/op-sqlite": {
          "optional": true
        },
        "@opentelemetry/api": {
          "optional": true
        },
        "@planetscale/database": {
          "optional": true
        },
        "@prisma/client": {
          "optional": true
        },
        "@tidbcloud/serverless": {
          "optional": true
        },
        "@types/better-sqlite3": {
          "optional": true
        },
        "@types/pg": {
          "optional": true
        },
        "@types/sql.js": {
          "optional": true
        },
        "@upstash/redis": {
          "optional": true
        },
        "@vercel/postgres": {
          "optional": true
        },
        "@xata.io/client": {
          "optional": true
        },
        "better-sqlite3": {
          "optional": true
        },
        "bun-types": {
          "optional": true
        },
        "expo-sqlite": {
          "optional": true
        },
        "gel": {
          "optional": true
        },
        "knex": {
          "optional": true
        },
        "kysely": {
          "optional": true
        },
        "mysql2": {
          "optional": true
        },
        "pg": {
          "optional": true
        },
        "postgres": {
          "optional": true
        },
        "prisma": {
          "optional": true
        },
        "sql.js": {
          "optional": true
        },
        "sqlite3": {
          "optional": true
        }
      }
    },
    "node_modules/elysia": {
      "version": "1.4.28",
      "resolved": "https://registry.npmjs.org/elysia/-/elysia-1.4.28.tgz",
      "integrity": "sha512-Vrx8sBnvq8squS/3yNBzR1jBXI+SgmnmvwawPjNuEHndUe5l1jV2Gp6JJ4ulDkEB8On6bWmmuyPpA+bq4t+WYg==",
      "license": "MIT",
      "peer": true,
      "dependencies": {
        "cookie": "^1.1.1",
        "exact-mirror": "^0.2.7",
        "fast-decode-uri-component": "^1.0.1",
        "memoirist": "^0.4.0"
      },
      "peerDependencies": {
        "@sinclair/typebox": ">= 0.34.0 < 1",
        "@types/bun": ">= 1.2.0",
        "exact-mirror": ">= 0.0.9",
        "file-type": ">= 20.0.0",
        "openapi-types": ">= 12.0.0",
        "typescript": ">= 5.0.0"
      },
      "peerDependenciesMeta": {
        "@types/bun": {
          "optional": true
        },
        "typescript": {
          "optional": true
        }
      }
    },
    "node_modules/exact-mirror": {
      "version": "0.2.7",
      "resolved": "https://registry.npmjs.org/exact-mirror/-/exact-mirror-0.2.7.tgz",
      "integrity": "sha512-+MeEmDcLA4o/vjK2zujgk+1VTxPR4hdp23qLqkWfStbECtAq9gmsvQa3LW6z/0GXZyHJobrCnmy1cdeE7BjsYg==",
      "license": "MIT",
      "peerDependencies": {
        "@sinclair/typebox": "^0.34.15"
      },
      "peerDependenciesMeta": {
        "@sinclair/typebox": {
          "optional": true
        }
      }
    },
    "node_modules/fast-decode-uri-component": {
      "version": "1.0.1",
      "resolved": "https://registry.npmjs.org/fast-decode-uri-component/-/fast-decode-uri-component-1.0.1.tgz",
      "integrity": "sha512-WKgKWg5eUxvRZGwW8FvfbaH7AXSh2cL+3j5fMGzUMCxWBJ3dV3a7Wz8y2f/uQ0e3B6WmodD3oS54jTQ9HVTIIg==",
      "license": "MIT"
    },
    "node_modules/file-type": {
      "version": "21.3.4",
      "resolved": "https://registry.npmjs.org/file-type/-/file-type-21.3.4.tgz",
      "integrity": "sha512-Ievi/yy8DS3ygGvT47PjSfdFoX+2isQueoYP1cntFW1JLYAuS4GD7NUPGg4zv2iZfV52uDyk5w5Z0TdpRS6Q1g==",
      "license": "MIT",
      "peer": true,
      "dependencies": {
        "@tokenizer/inflate": "^0.4.1",
        "strtok3": "^10.3.4",
        "token-types": "^6.1.1",
        "uint8array-extras": "^1.4.0"
      },
      "engines": {
        "node": ">=20"
      },
      "funding": {
        "url": "https://github.com/sindresorhus/file-type?sponsor=1"
      }
    },
    "node_modules/hookable": {
      "version": "5.5.3",
      "resolved": "https://registry.npmjs.org/hookable/-/hookable-5.5.3.tgz",
      "integrity": "sha512-Yc+BQe8SvoXH1643Qez1zqLRmbA5rCL+sSmk6TVos0LWVfNIB7PGncdlId77WzLGSIB5KaWgTaNTs2lNVEI6VQ==",
      "license": "MIT"
    },
    "node_modules/ieee754": {
      "version": "1.2.1",
      "resolved": "https://registry.npmjs.org/ieee754/-/ieee754-1.2.1.tgz",
      "integrity": "sha512-dcyqhDvX1C46lXZcVqCpK+FtMRQVdIMN6/Df5js2zouUsqG7I6sFxitIC+7KYK29KdXOLHdu9zL4sFnoVQnqaA==",
      "funding": [
        {
          "type": "github",
          "url": "https://github.com/sponsors/feross"
        },
        {
          "type": "patreon",
          "url": "https://www.patreon.com/feross"
        },
        {
          "type": "consulting",
          "url": "https://feross.org/support"
        }
      ],
      "license": "BSD-3-Clause"
    },
    "node_modules/jose": {
      "version": "6.2.2",
      "resolved": "https://registry.npmjs.org/jose/-/jose-6.2.2.tgz",
      "integrity": "sha512-d7kPDd34KO/YnzaDOlikGpOurfF0ByC2sEV4cANCtdqLlTfBlw2p14O/5d/zv40gJPbIQxfES3nSx1/oYNyuZQ==",
      "license": "MIT",
      "funding": {
        "url": "https://github.com/sponsors/panva"
      }
    },
    "node_modules/memoirist": {
      "version": "0.4.0",
      "resolved": "https://registry.npmjs.org/memoirist/-/memoirist-0.4.0.tgz",
      "integrity": "sha512-zxTgA0mSYELa66DimuNQDvyLq36AwDlTuVRbnQtB+VuTcKWm5Qc4z3WkSpgsFWHNhexqkIooqpv4hdcqrX5Nmg==",
      "license": "MIT"
    },
    "node_modules/ms": {
      "version": "2.1.3",
      "resolved": "https://registry.npmjs.org/ms/-/ms-2.1.3.tgz",
      "integrity": "sha512-6FlzubTLZG3J2a/NVCAleEhjzq5oxgHyaCU9yYXvcLsvoVaHJq/s5xXI6/XXP6tz7R9xAOtHnSO/tXtF3WRTlA==",
      "license": "MIT"
    },
    "node_modules/nanoid": {
      "version": "5.1.7",
      "resolved": "https://registry.npmjs.org/nanoid/-/nanoid-5.1.7.tgz",
      "integrity": "sha512-ua3NDgISf6jdwezAheMOk4mbE1LXjm1DfMUDMuJf4AqxLFK3ccGpgWizwa5YV7Yz9EpXwEaWoRXSb/BnV0t5dQ==",
      "funding": [
        {
          "type": "github",
          "url": "https://github.com/sponsors/ai"
        }
      ],
      "license": "MIT",
      "bin": {
        "nanoid": "bin/nanoid.js"
      },
      "engines": {
        "node": "^18 || >=20"
      }
    },
    "node_modules/openapi-types": {
      "version": "12.1.3",
      "resolved": "https://registry.npmjs.org/openapi-types/-/openapi-types-12.1.3.tgz",
      "integrity": "sha512-N4YtSYJqghVu4iek2ZUvcN/0aqH1kRDuNqzcycDxhOUpg7GdvLa2F3DgS6yBNhInhv2r/6I0Flkn7CqL8+nIcw==",
      "license": "MIT",
      "peer": true
    },
    "node_modules/pathe": {
      "version": "1.1.2",
      "resolved": "https://registry.npmjs.org/pathe/-/pathe-1.1.2.tgz",
      "integrity": "sha512-whLdWMYL2TwI08hn8/ZqAbrVemu0LNaNNJZX73O6qaIdCTfXutsLhMkjdENX0qhsQ9uIimo4/aQOmXkoon2nDQ==",
      "license": "MIT"
    },
    "node_modules/postgres": {
      "version": "3.4.8",
      "resolved": "https://registry.npmjs.org/postgres/-/postgres-3.4.8.tgz",
      "integrity": "sha512-d+JFcLM17njZaOLkv6SCev7uoLaBtfK86vMUXhW1Z4glPWh4jozno9APvW/XKFJ3CCxVoC7OL38BqRydtu5nGg==",
      "license": "Unlicense",
      "peer": true,
      "engines": {
        "node": ">=12"
      },
      "funding": {
        "type": "individual",
        "url": "https://github.com/sponsors/porsager"
      }
    },
    "node_modules/strtok3": {
      "version": "10.3.5",
      "resolved": "https://registry.npmjs.org/strtok3/-/strtok3-10.3.5.tgz",
      "integrity": "sha512-ki4hZQfh5rX0QDLLkOCj+h+CVNkqmp/CMf8v8kZpkNVK6jGQooMytqzLZYUVYIZcFZ6yDB70EfD8POcFXiF5oA==",
      "license": "MIT",
      "dependencies": {
        "@tokenizer/token": "^0.3.0"
      },
      "engines": {
        "node": ">=18"
      },
      "funding": {
        "type": "github",
        "url": "https://github.com/sponsors/Borewit"
      }
    },
    "node_modules/token-types": {
      "version": "6.1.2",
      "resolved": "https://registry.npmjs.org/token-types/-/token-types-6.1.2.tgz",
      "integrity": "sha512-dRXchy+C0IgK8WPC6xvCHFRIWYUbqqdEIKPaKo/AcTUNzwLTK6AH7RjdLWsEZcAN/TBdtfUw3PYEgPr5VPr6ww==",
      "license": "MIT",
      "dependencies": {
        "@borewit/text-codec": "^0.2.1",
        "@tokenizer/token": "^0.3.0",
        "ieee754": "^1.2.1"
      },
      "engines": {
        "node": ">=14.16"
      },
      "funding": {
        "type": "github",
        "url": "https://github.com/sponsors/Borewit"
      }
    },
    "node_modules/type-fest": {
      "version": "4.41.0",
      "resolved": "https://registry.npmjs.org/type-fest/-/type-fest-4.41.0.tgz",
      "integrity": "sha512-TeTSQ6H5YHvpqVwBRcnLDCBnDOHWYu7IvGbHT6N8AOymcr9PJGjc1GTtiWZTYg0NCgYwvnYWEkVChQAr9bjfwA==",
      "license": "(MIT OR CC0-1.0)",
      "engines": {
        "node": ">=16"
      },
      "funding": {
        "url": "https://github.com/sponsors/sindresorhus"
      }
    },
    "node_modules/uint8array-extras": {
      "version": "1.5.0",
      "resolved": "https://registry.npmjs.org/uint8array-extras/-/uint8array-extras-1.5.0.tgz",
      "integrity": "sha512-rvKSBiC5zqCCiDZ9kAOszZcDvdAHwwIKJG33Ykj43OKcWsnmcBRL09YTU4nOeHZ8Y2a7l1MgTd08SBe9A8Qj6A==",
      "license": "MIT",
      "engines": {
        "node": ">=18"
      },
      "funding": {
        "url": "https://github.com/sponsors/sindresorhus"
      }
    },
    "node_modules/undici-types": {
      "version": "7.18.2",
      "resolved": "https://registry.npmjs.org/undici-types/-/undici-types-7.18.2.tgz",
      "integrity": "sha512-AsuCzffGHJybSaRrmr5eHr81mwJU3kjw6M+uprWvCXiNeN9SOGwQ3Jn8jb8m3Z6izVgknn1R0FTCEAP2QrLY/w==",
      "devOptional": true,
      "license": "MIT"
    },
    "node_modules/zhead": {
      "version": "2.2.4",
      "resolved": "https://registry.npmjs.org/zhead/-/zhead-2.2.4.tgz",
      "integrity": "sha512-8F0OI5dpWIA5IGG5NHUg9staDwz/ZPxZtvGVf01j7vHqSyZ0raHY+78atOVxRqb73AotX22uV1pXt3gYSstGag==",
      "license": "MIT",
      "funding": {
        "url": "https://github.com/sponsors/harlan-zw"
      }
    },
    "node_modules/zod": {
      "version": "3.25.76",
      "resolved": "https://registry.npmjs.org/zod/-/zod-3.25.76.tgz",
      "integrity": "sha512-gzUt/qt81nXsFGKIFcC3YnfEAx5NkunCfnDlvuBSSFS02bcXu4Lmea0AFIUwbLWxWPx3d9p8S5QoaujKcNQxcQ==",
      "license": "MIT",
      "funding": {
        "url": "https://github.com/sponsors/colinhacks"
      }
    }
  }
}
